
Microsoft Visual Studio Solution File, Format Version 12.00
# Visual Studio Version 17
VisualStudioVersion = 17.13.35818.85
MinimumVisualStudioVersion = 10.0.40219.1
Project("{FAE04EC0-301F-11D3-BF4B-00C04F79EFBC}") = "IKEA.PL", "IKEA.PL\IKEA.PL.csproj", "{4F15CA44-4EC7-4BDF-B39C-13B7494153AA}"
EndProject
Project("{FAE04EC0-301F-11D3-BF4B-00C04F79EFBC}") = "IKEA.BLL", "IKEA.BLL\IKEA.BLL.csproj", "{2F8A8705-0437-4AD8-93AC-1C0A28E4B6B7}"
EndProject
Project("{FAE04EC0-301F-11D3-BF4B-00C04F79EFBC}") = "IKEA.DAL", "IKEA.DAL\IKEA.DAL.csproj", "{C961D777-B029-4776-9A5E-2E54FA9DBCDB}"
EndProject
Global
	GlobalSection(SolutionConfigurationPlatforms) = preSolution
		Debug|Any CPU = Debug|Any CPU
		Release|Any CPU = Release|Any CPU
	EndGlobalSection
	GlobalSection(ProjectConfigurationPlatforms) = postSolution
		{4F15CA44-4EC7-4BDF-B39C-13B7494153AA}.Debug|Any CPU.ActiveCfg = Debug|Any CPU
		{4F15CA44-4EC7-4BDF-B39C-13B7494153AA}.Debug|Any CPU.Build.0 = Debug|Any CPU
		{4F15CA44-4EC7-4BDF-B39C-13B7494153AA}.Release|Any CPU.ActiveCfg = Release|Any CPU
		{4F15CA44-4EC7-4BDF-B39C-13B7494153AA}.Release|Any CPU.Build.0 = Release|Any CPU
		{2F8A8705-0437-4AD8-93AC-1C0A28E4B6B7}.Debug|Any CPU.ActiveCfg = Debug|Any CPU
		{2F8A8705-0437-4AD8-93AC-1C0A28E4B6B7}.Debug|Any CPU.Build.0 = Debug|Any CPU
		{2F8A8705-0437-4AD8-93AC-1C0A28E4B6B7}.Release|Any CPU.ActiveCfg = Release|Any CPU
		{2F8A8705-0437-4AD8-93AC-1C0A28E4B6B7}.Release|Any CPU.Build.0 = Release|Any CPU
		{C961D777-B029-4776-9A5E-2E54FA9DBCDB}.Debug|Any CPU.ActiveCfg = Debug|Any CPU
		{C961D777-B029-4776-9A5E-2E54FA9DBCDB}.Debug|Any CPU.Build.0 = Debug|Any CPU
		{C961D777-B029-4776-9A5E-2E54FA9DBCDB}.Release|Any CPU.ActiveCfg = Release|Any CPU
		{C961D777-B029-4776-9A5E-2E54FA9DBCDB}.Release|Any CPU.Build.0 = Release|Any CPU
	EndGlobalSection
	GlobalSection(SolutionProperties) = preSolution
		HideSolutionNode = FALSE
	EndGlobalSection
	GlobalSection(ExtensibilityGlobals) = postSolution
		SolutionGuid = {AB4A35B2-A710-4BBD-8E96-24E5E412BBDD}
	EndGlobalSection
EndGlobal
